schema: '2.0'
stages:
  download:
    cmd: python source/download.py
    deps:
    - path: params/params.yaml
      hash: md5
      md5: 75081ae2976adee40937315d59b91f8b
      size: 72
    outs:
    - path: data/
      hash: md5
      md5: dbab3b8f79cdb78c4562d3ee4e4377ad.dir
      size: 1996809
      nfiles: 3
  process:
    cmd: python source/process.py
    deps:
    - path: data/
      hash: md5
      md5: dbab3b8f79cdb78c4562d3ee4e4377ad.dir
      size: 1996809
      nfiles: 3
    outs:
    - path: results/actual_monthly_averages.csv
      hash: md5
      md5: 3b3251331747b9fa3cb64d2b079c7e9a
      size: 782
  prepare:
    cmd: python source/prepare.py
    deps:
    - path: data/
      hash: md5
      md5: dbab3b8f79cdb78c4562d3ee4e4377ad.dir
      size: 1996809
      nfiles: 3
    outs:
    - path: results/computed_monthly_averages.csv
      hash: md5
      md5: 1720e33601763cae7083e9a4fb85c58e
      size: 1619
  evaluate:
    cmd: python source/evaluate.py
    deps:
    - path: results/actual_monthly_averages.csv
      hash: md5
      md5: 3b3251331747b9fa3cb64d2b079c7e9a
      size: 782
    - path: results/computed_monthly_averages.csv
      hash: md5
      md5: 1720e33601763cae7083e9a4fb85c58e
      size: 1619
    outs:
    - path: results/computed_r2_scores.csv
      hash: md5
      md5: bb9f8462859789f07e7bcc960f9fcaa2
      size: 230
